
Microsoft Visual Studio Solution File, Format Version 12.00
# Visual Studio 15
VisualStudioVersion = 15.0.27703.2047
MinimumVisualStudioVersion = 10.0.40219.1
Project("{888888A0-9F3D-457C-B088-3A5042F75D52}") = "FlaskWebProject3", "FlaskWebProject3\FlaskWebProject3.pyproj", "{4131DC59-92D7-4382-B36F-18577BCC39EC}"
EndProject
Global
	GlobalSection(SolutionConfigurationPlatforms) = preSolution
		Debug|Any CPU = Debug|Any CPU
		Release|Any CPU = Release|Any CPU
	EndGlobalSection
	GlobalSection(ProjectConfigurationPlatforms) = postSolution
		{4131DC59-92D7-4382-B36F-18577BCC39EC}.Debug|Any CPU.ActiveCfg = Debug|Any CPU
		{4131DC59-92D7-4382-B36F-18577BCC39EC}.Debug|Any CPU.Build.0 = Debug|Any CPU
		{4131DC59-92D7-4382-B36F-18577BCC39EC}.Release|Any CPU.ActiveCfg = Release|Any CPU
		{4131DC59-92D7-4382-B36F-18577BCC39EC}.Release|Any CPU.Build.0 = Release|Any CPU
	EndGlobalSection
	GlobalSection(SolutionProperties) = preSolution
		HideSolutionNode = FALSE
	EndGlobalSection
	GlobalSection(ExtensibilityGlobals) = postSolution
		SolutionGuid = {4779FD92-CC62-453A-9A05-FD68CDBCBA76}
	EndGlobalSection
EndGlobal
